
Microsoft Visual Studio Solution File, Format Version 12.00
# Visual Studio 15
Project("{FAE04EC0-301F-11D3-BF4B-00C04F79EFBC}") = "Assembly-CSharp", "Assembly-CSharp.csproj", "{DBE596A5-13E5-926D-643E-E0319E00BDFD}"
EndProject
Project("{FAE04EC0-301F-11D3-BF4B-00C04F79EFBC}") = "Assembly-CSharp-Editor", "Assembly-CSharp-Editor.csproj", "{99DA1EF3-1759-7281-3DF5-01B76882128A}"
EndProject
Global
	GlobalSection(SolutionConfigurationPlatforms) = preSolution
		Debug|Any CPU = Debug|Any CPU
		Release|Any CPU = Release|Any CPU
	EndGlobalSection
	GlobalSection(ProjectConfigurationPlatforms) = postSolution
		{DBE596A5-13E5-926D-643E-E0319E00BDFD}.Debug|Any CPU.ActiveCfg = Debug|Any CPU
		{DBE596A5-13E5-926D-643E-E0319E00BDFD}.Debug|Any CPU.Build.0 = Debug|Any CPU
		{DBE596A5-13E5-926D-643E-E0319E00BDFD}.Release|Any CPU.ActiveCfg = Release|Any CPU
		{DBE596A5-13E5-926D-643E-E0319E00BDFD}.Release|Any CPU.Build.0 = Release|Any CPU
		{99DA1EF3-1759-7281-3DF5-01B76882128A}.Debug|Any CPU.ActiveCfg = Debug|Any CPU
		{99DA1EF3-1759-7281-3DF5-01B76882128A}.Debug|Any CPU.Build.0 = Debug|Any CPU
		{99DA1EF3-1759-7281-3DF5-01B76882128A}.Release|Any CPU.ActiveCfg = Release|Any CPU
		{99DA1EF3-1759-7281-3DF5-01B76882128A}.Release|Any CPU.Build.0 = Release|Any CPU
	EndGlobalSection
	GlobalSection(SolutionProperties) = preSolution
		HideSolutionNode = FALSE
	EndGlobalSection
EndGlobal
